# THIS IS AN AUTOGENERATED FILE. DO NOT EDIT THIS FILE DIRECTLY.
# yarn lockfile v1


inferno-create-element@^7.4.2:
  version "7.4.2"
  resolved "https://registry.yarnpkg.com/inferno-create-element/-/inferno-create-element-7.4.2.tgz#d3ac6c64c792f8d3c4784279825418ebd73cfe1c"
  integrity sha512-FHNca1NR/9SRtaifr4DdAuA6dKBeWkCrYVVkTazMadJyjMtpPN3d+sKlkmdvorAjhUvdMMNcRQStrgRTpLcZyg==
  dependencies:
    inferno "7.4.2"

inferno-shared@7.4.2:
  version "7.4.2"
  resolved "https://registry.yarnpkg.com/inferno-shared/-/inferno-shared-7.4.2.tgz#400cf6d19a077af9e5e852e1f189726391efa273"
  integrity sha512-SULfgzj/PuyMd3rHThEXkeEdZorjcr/q+kaqbwr7C2XhIPCk4e5jcRKZujI6YCSahGA9WFwP2Mft1v5PsaaNeg==

inferno-vnode-flags@7.4.2:
  version "7.4.2"
  resolved "https://registry.yarnpkg.com/inferno-vnode-flags/-/inferno-vnode-flags-7.4.2.tgz#54982dabe34f308853ba17de7de4241e23769135"
  integrity sha512-sV4KqqvZH4MW9/dNbC9blHInnpQSqMWouU5VlanbJ+NhJ8ufPwsDy0/+jiA2aODpg2HFHwVMJFF1fsewPqNtLQ==

inferno@7.4.2, inferno@^7.4.2:
  version "7.4.2"
  resolved "https://registry.yarnpkg.com/inferno/-/inferno-7.4.2.tgz#833cc423ee7b939fad705c59ea41924f31c92453"
  integrity sha512-RsmuN8F7lAWTTuy2juf3Tqn/BihkRNdy0WZN+vuyryuEySKHBA1fruyq6K0covF3Ja8mAdha5NNISZz9ltgcug==
  dependencies:
    inferno-shared "7.4.2"
    inferno-vnode-flags "7.4.2"
    opencollective-postinstall "^2.0.2"

opencollective-postinstall@^2.0.2:
  version "2.0.2"
  resolved "https://registry.yarnpkg.com/opencollective-postinstall/-/opencollective-postinstall-2.0.2.tgz#5657f1bede69b6e33a45939b061eb53d3c6c3a89"
  integrity sha512-pVOEP16TrAO2/fjej1IdOyupJY8KDUM1CvsaScRbw6oddvpQoOfGk4ywha0HKKVAD6RkW4x6Q+tNBwhf3Bgpuw==

purecss@^1.0.1:
  version "1.0.1"
  resolved "https://registry.yarnpkg.com/purecss/-/purecss-1.0.1.tgz#c83d84326a10beb5c3b36d20c0254e946e5568a7"
  integrity sha512-mTUc5ZzpzafswEhCmTDfSRMMyRFdLYdd+KywMwnBC/MuA/Th7jug2z0Xso4WkxvtxoU/BS9aRb7WnBNyuA7YJQ==
